
Microsoft Visual Studio Solution File, Format Version 12.00
# Visual Studio Version 17
VisualStudioVersion = 17.4.33205.214
MinimumVisualStudioVersion = 10.0.40219.1
Project("{FAE04EC0-301F-11D3-BF4B-00C04F79EFBC}") = "VirtualLibrary", "VirtualLibrary\VirtualLibrary.csproj", "{C616E4F9-98CC-483A-BFDB-C7BCF2B38ED6}"
EndProject
Project("{FAE04EC0-301F-11D3-BF4B-00C04F79EFBC}") = "Helpers", "Helpers\Helpers.csproj", "{FEAB490C-DBAC-4887-AA20-66A34646DBBD}"
EndProject
Global
	GlobalSection(SolutionConfigurationPlatforms) = preSolution
		Debug|Any CPU = Debug|Any CPU
		Release|Any CPU = Release|Any CPU
	EndGlobalSection
	GlobalSection(ProjectConfigurationPlatforms) = postSolution
		{C616E4F9-98CC-483A-BFDB-C7BCF2B38ED6}.Debug|Any CPU.ActiveCfg = Debug|Any CPU
		{C616E4F9-98CC-483A-BFDB-C7BCF2B38ED6}.Debug|Any CPU.Build.0 = Debug|Any CPU
		{C616E4F9-98CC-483A-BFDB-C7BCF2B38ED6}.Release|Any CPU.ActiveCfg = Release|Any CPU
		{C616E4F9-98CC-483A-BFDB-C7BCF2B38ED6}.Release|Any CPU.Build.0 = Release|Any CPU
		{FEAB490C-DBAC-4887-AA20-66A34646DBBD}.Debug|Any CPU.ActiveCfg = Debug|Any CPU
		{FEAB490C-DBAC-4887-AA20-66A34646DBBD}.Debug|Any CPU.Build.0 = Debug|Any CPU
		{FEAB490C-DBAC-4887-AA20-66A34646DBBD}.Release|Any CPU.ActiveCfg = Release|Any CPU
		{FEAB490C-DBAC-4887-AA20-66A34646DBBD}.Release|Any CPU.Build.0 = Release|Any CPU
	EndGlobalSection
	GlobalSection(SolutionProperties) = preSolution
		HideSolutionNode = FALSE
	EndGlobalSection
	GlobalSection(ExtensibilityGlobals) = postSolution
		SolutionGuid = {E45E7E95-BAD6-4127-9A3B-89B5EF2B501A}
	EndGlobalSection
EndGlobal
